// !$*UTF8*$!
{
	archiveVersion = 1;
	classes = {
	};
	objectVersion = 46;
	objects = {

/* Begin PBXBuildFile section */
		0288210C53582A677CEAB99A /* libPods.a in Frameworks */ = {isa = PBXBuildFile; fileRef = 4CF0F0B2793CF2950B79519F /* libPods.a */; };
		427C64C419F37A240067F2E4 /* EventCenterTableViewController.m in Sources */ = {isa = PBXBuildFile; fileRef = 427C64C319F37A240067F2E4 /* EventCenterTableViewController.m */; };
		C913E95919F4454C007A329C /* EventCenterTableViewCell.m in Sources */ = {isa = PBXBuildFile; fileRef = C913E95719F4454C007A329C /* EventCenterTableViewCell.m */; };
		C913E95D19F45AE1007A329C /* DetailViewController.m in Sources */ = {isa = PBXBuildFile; fileRef = C913E95C19F45AE1007A329C /* DetailViewController.m */; };
		C9325F1919F49FFC00DD6D0F /* EventCenterTableViewCell.xib in Resources */ = {isa = PBXBuildFile; fileRef = C913E95819F4454C007A329C /* EventCenterTableViewCell.xib */; };
		C9325F1B19F4A18000DD6D0F /* Info.plist in Resources */ = {isa = PBXBuildFile; fileRef = C9325F1A19F4A18000DD6D0F /* Info.plist */; };
		C936155919F58B6D003AB5B8 /* Constants.m in Sources */ = {isa = PBXBuildFile; fileRef = C936154C19F58B6D003AB5B8 /* Constants.m */; };
		C936155A19F58B6D003AB5B8 /* JSONParser.m in Sources */ = {isa = PBXBuildFile; fileRef = C936154E19F58B6D003AB5B8 /* JSONParser.m */; };
		C936155B19F58B6D003AB5B8 /* Place.m in Sources */ = {isa = PBXBuildFile; fileRef = C936155019F58B6D003AB5B8 /* Place.m */; };
		C936155C19F58B6D003AB5B8 /* PlaceOptions.m in Sources */ = {isa = PBXBuildFile; fileRef = C936155219F58B6D003AB5B8 /* PlaceOptions.m */; };
		C936155D19F58B6D003AB5B8 /* PlacesClient.m in Sources */ = {isa = PBXBuildFile; fileRef = C936155419F58B6D003AB5B8 /* PlacesClient.m */; };
		C936155E19F58B6D003AB5B8 /* PlacesRequest.m in Sources */ = {isa = PBXBuildFile; fileRef = C936155619F58B6D003AB5B8 /* PlacesRequest.m */; };
		C936155F19F58B6D003AB5B8 /* Request.m in Sources */ = {isa = PBXBuildFile; fileRef = C936155819F58B6D003AB5B8 /* Request.m */; };
		C936156219F58D32003AB5B8 /* PlacesViewController.m in Sources */ = {isa = PBXBuildFile; fileRef = C936156119F58D32003AB5B8 /* PlacesViewController.m */; };
		C9525C6419F63E3700E80F9D /* PhotoTableViewCell.m in Sources */ = {isa = PBXBuildFile; fileRef = C9525C6319F63E3700E80F9D /* PhotoTableViewCell.m */; };
		C98A1C7D19F372D90067D85F /* main.m in Sources */ = {isa = PBXBuildFile; fileRef = C98A1C7C19F372D90067D85F /* main.m */; };
		C98A1C8019F372D90067D85F /* AppDelegate.m in Sources */ = {isa = PBXBuildFile; fileRef = C98A1C7F19F372D90067D85F /* AppDelegate.m */; };
		C98A1C8319F372D90067D85F /* GiTizen.xcdatamodeld in Sources */ = {isa = PBXBuildFile; fileRef = C98A1C8119F372D90067D85F /* GiTizen.xcdatamodeld */; };
		C98A1C8619F372D90067D85F /* ViewController.m in Sources */ = {isa = PBXBuildFile; fileRef = C98A1C8519F372D90067D85F /* ViewController.m */; };
		C98A1C8919F372D90067D85F /* Main.storyboard in Resources */ = {isa = PBXBuildFile; fileRef = C98A1C8719F372D90067D85F /* Main.storyboard */; };
		C98A1C8B19F372D90067D85F /* Images.xcassets in Resources */ = {isa = PBXBuildFile; fileRef = C98A1C8A19F372D90067D85F /* Images.xcassets */; };
		C98A1C8E19F372D90067D85F /* LaunchScreen.xib in Resources */ = {isa = PBXBuildFile; fileRef = C98A1C8C19F372D90067D85F /* LaunchScreen.xib */; };
		C98A1C9A19F372D90067D85F /* GiTizenTests.m in Sources */ = {isa = PBXBuildFile; fileRef = C98A1C9919F372D90067D85F /* GiTizenTests.m */; };
		C9C71B9519F4CCE600557A49 /* Event.m in Sources */ = {isa = PBXBuildFile; fileRef = C9C71B9419F4CCE600557A49 /* Event.m */; };
		C9C71B9819F4E13900557A49 /* PostEventViewController.m in Sources */ = {isa = PBXBuildFile; fileRef = C9C71B9719F4E13900557A49 /* PostEventViewController.m */; };
		C9C8598819F6AEA600093ACF /* DetailGViewController.m in Sources */ = {isa = PBXBuildFile; fileRef = C9C8598719F6AEA600093ACF /* DetailGViewController.m */; };
/* End PBXBuildFile section */

/* Begin PBXContainerItemProxy section */
		C98A1C9419F372D90067D85F /* PBXContainerItemProxy */ = {
			isa = PBXContainerItemProxy;
			containerPortal = C98A1C6F19F372D90067D85F /* Project object */;
			proxyType = 1;
			remoteGlobalIDString = C98A1C7619F372D90067D85F;
			remoteInfo = GiTizen;
		};
/* End PBXContainerItemProxy section */

/* Begin PBXFileReference section */
		427C64C219F37A240067F2E4 /* EventCenterTableViewController.h */ = {isa = PBXFileReference; fileEncoding = 4; lastKnownFileType = sourcecode.c.h; path = EventCenterTableViewController.h; sourceTree = "<group>"; };
		427C64C319F37A240067F2E4 /* EventCenterTableViewController.m */ = {isa = PBXFileReference; fileEncoding = 4; lastKnownFileType = sourcecode.c.objc; path = EventCenterTableViewController.m; sourceTree = "<group>"; };
		4CF0F0B2793CF2950B79519F /* libPods.a */ = {isa = PBXFileReference; explicitFileType = archive.ar; includeInIndex = 0; path = libPods.a; sourceTree = BUILT_PRODUCTS_DIR; };
		C913E95619F4454C007A329C /* EventCenterTableViewCell.h */ = {isa = PBXFileReference; fileEncoding = 4; lastKnownFileType = sourcecode.c.h; path = EventCenterTableViewCell.h; sourceTree = "<group>"; };
		C913E95719F4454C007A329C /* EventCenterTableViewCell.m */ = {isa = PBXFileReference; fileEncoding = 4; lastKnownFileType = sourcecode.c.objc; path = EventCenterTableViewCell.m; sourceTree = "<group>"; };
		C913E95819F4454C007A329C /* EventCenterTableViewCell.xib */ = {isa = PBXFileReference; fileEncoding = 4; lastKnownFileType = file.xib; path = EventCenterTableViewCell.xib; sourceTree = "<group>"; };
		C913E95B19F45AE1007A329C /* DetailViewController.h */ = {isa = PBXFileReference; fileEncoding = 4; lastKnownFileType = sourcecode.c.h; path = DetailViewController.h; sourceTree = "<group>"; };
		C913E95C19F45AE1007A329C /* DetailViewController.m */ = {isa = PBXFileReference; fileEncoding = 4; lastKnownFileType = sourcecode.c.objc; path = DetailViewController.m; sourceTree = "<group>"; };
		C9325F1A19F4A18000DD6D0F /* Info.plist */ = {isa = PBXFileReference; fileEncoding = 4; lastKnownFileType = text.plist.xml; path = Info.plist; sourceTree = "<group>"; };
		C936154B19F58B6D003AB5B8 /* Constants.h */ = {isa = PBXFileReference; fileEncoding = 4; lastKnownFileType = sourcecode.c.h; path = Constants.h; sourceTree = "<group>"; };
		C936154C19F58B6D003AB5B8 /* Constants.m */ = {isa = PBXFileReference; fileEncoding = 4; lastKnownFileType = sourcecode.c.objc; path = Constants.m; sourceTree = "<group>"; };
		C936154D19F58B6D003AB5B8 /* JSONParser.h */ = {isa = PBXFileReference; fileEncoding = 4; lastKnownFileType = sourcecode.c.h; path = JSONParser.h; sourceTree = "<group>"; };
		C936154E19F58B6D003AB5B8 /* JSONParser.m */ = {isa = PBXFileReference; fileEncoding = 4; lastKnownFileType = sourcecode.c.objc; path = JSONParser.m; sourceTree = "<group>"; };
		C936154F19F58B6D003AB5B8 /* Place.h */ = {isa = PBXFileReference; fileEncoding = 4; lastKnownFileType = sourcecode.c.h; path = Place.h; sourceTree = "<group>"; };
		C936155019F58B6D003AB5B8 /* Place.m */ = {isa = PBXFileReference; fileEncoding = 4; lastKnownFileType = sourcecode.c.objc; path = Place.m; sourceTree = "<group>"; };
		C936155119F58B6D003AB5B8 /* PlaceOptions.h */ = {isa = PBXFileReference; fileEncoding = 4; lastKnownFileType = sourcecode.c.h; path = PlaceOptions.h; sourceTree = "<group>"; };
		C936155219F58B6D003AB5B8 /* PlaceOptions.m */ = {isa = PBXFileReference; fileEncoding = 4; lastKnownFileType = sourcecode.c.objc; path = PlaceOptions.m; sourceTree = "<group>"; };
		C936155319F58B6D003AB5B8 /* PlacesClient.h */ = {isa = PBXFileReference; fileEncoding = 4; lastKnownFileType = sourcecode.c.h; path = PlacesClient.h; sourceTree = "<group>"; };
		C936155419F58B6D003AB5B8 /* PlacesClient.m */ = {isa = PBXFileReference; fileEncoding = 4; lastKnownFileType = sourcecode.c.objc; path = PlacesClient.m; sourceTree = "<group>"; };
		C936155519F58B6D003AB5B8 /* PlacesRequest.h */ = {isa = PBXFileReference; fileEncoding = 4; lastKnownFileType = sourcecode.c.h; path = PlacesRequest.h; sourceTree = "<group>"; };
		C936155619F58B6D003AB5B8 /* PlacesRequest.m */ = {isa = PBXFileReference; fileEncoding = 4; lastKnownFileType = sourcecode.c.objc; path = PlacesRequest.m; sourceTree = "<group>"; };
		C936155719F58B6D003AB5B8 /* Request.h */ = {isa = PBXFileReference; fileEncoding = 4; lastKnownFileType = sourcecode.c.h; path = Request.h; sourceTree = "<group>"; };
		C936155819F58B6D003AB5B8 /* Request.m */ = {isa = PBXFileReference; fileEncoding = 4; lastKnownFileType = sourcecode.c.objc; path = Request.m; sourceTree = "<group>"; };
		C936156019F58D32003AB5B8 /* PlacesViewController.h */ = {isa = PBXFileReference; fileEncoding = 4; lastKnownFileType = sourcecode.c.h; path = PlacesViewController.h; sourceTree = "<group>"; };
		C936156119F58D32003AB5B8 /* PlacesViewController.m */ = {isa = PBXFileReference; fileEncoding = 4; lastKnownFileType = sourcecode.c.objc; path = PlacesViewController.m; sourceTree = "<group>"; };
		C9525C6219F63E3700E80F9D /* PhotoTableViewCell.h */ = {isa = PBXFileReference; fileEncoding = 4; lastKnownFileType = sourcecode.c.h; path = PhotoTableViewCell.h; sourceTree = "<group>"; };
		C9525C6319F63E3700E80F9D /* PhotoTableViewCell.m */ = {isa = PBXFileReference; fileEncoding = 4; lastKnownFileType = sourcecode.c.objc; path = PhotoTableViewCell.m; sourceTree = "<group>"; };
		C98A1C7719F372D90067D85F /* GiTizen.app */ = {isa = PBXFileReference; explicitFileType = wrapper.application; includeInIndex = 0; path = GiTizen.app; sourceTree = BUILT_PRODUCTS_DIR; };
		C98A1C7C19F372D90067D85F /* main.m */ = {isa = PBXFileReference; lastKnownFileType = sourcecode.c.objc; path = main.m; sourceTree = "<group>"; };
		C98A1C7E19F372D90067D85F /* AppDelegate.h */ = {isa = PBXFileReference; lastKnownFileType = sourcecode.c.h; path = AppDelegate.h; sourceTree = "<group>"; };
		C98A1C7F19F372D90067D85F /* AppDelegate.m */ = {isa = PBXFileReference; lastKnownFileType = sourcecode.c.objc; path = AppDelegate.m; sourceTree = "<group>"; };
		C98A1C8219F372D90067D85F /* GiTizen.xcdatamodel */ = {isa = PBXFileReference; lastKnownFileType = wrapper.xcdatamodel; path = GiTizen.xcdatamodel; sourceTree = "<group>"; };
		C98A1C8419F372D90067D85F /* ViewController.h */ = {isa = PBXFileReference; lastKnownFileType = sourcecode.c.h; path = ViewController.h; sourceTree = "<group>"; };
		C98A1C8519F372D90067D85F /* ViewController.m */ = {isa = PBXFileReference; lastKnownFileType = sourcecode.c.objc; path = ViewController.m; sourceTree = "<group>"; };
		C98A1C8819F372D90067D85F /* Base */ = {isa = PBXFileReference; lastKnownFileType = file.storyboard; name = Base; path = Base.lproj/Main.storyboard; sourceTree = "<group>"; };
		C98A1C8A19F372D90067D85F /* Images.xcassets */ = {isa = PBXFileReference; lastKnownFileType = folder.assetcatalog; path = Images.xcassets; sourceTree = "<group>"; };
		C98A1C8D19F372D90067D85F /* Base */ = {isa = PBXFileReference; lastKnownFileType = file.xib; name = Base; path = Base.lproj/LaunchScreen.xib; sourceTree = "<group>"; };
		C98A1C9319F372D90067D85F /* GiTizenTests.xctest */ = {isa = PBXFileReference; explicitFileType = wrapper.cfbundle; includeInIndex = 0; path = GiTizenTests.xctest; sourceTree = BUILT_PRODUCTS_DIR; };
		C98A1C9819F372D90067D85F /* Info.plist */ = {isa = PBXFileReference; lastKnownFileType = text.plist.xml; path = Info.plist; sourceTree = "<group>"; };
		C98A1C9919F372D90067D85F /* GiTizenTests.m */ = {isa = PBXFileReference; lastKnownFileType = sourcecode.c.objc; path = GiTizenTests.m; sourceTree = "<group>"; };
		C9C71B9319F4CCE600557A49 /* Event.h */ = {isa = PBXFileReference; fileEncoding = 4; lastKnownFileType = sourcecode.c.h; path = Event.h; sourceTree = "<group>"; };
		C9C71B9419F4CCE600557A49 /* Event.m */ = {isa = PBXFileReference; fileEncoding = 4; lastKnownFileType = sourcecode.c.objc; path = Event.m; sourceTree = "<group>"; };
		C9C71B9619F4E13900557A49 /* PostEventViewController.h */ = {isa = PBXFileReference; fileEncoding = 4; lastKnownFileType = sourcecode.c.h; path = PostEventViewController.h; sourceTree = "<group>"; };
		C9C71B9719F4E13900557A49 /* PostEventViewController.m */ = {isa = PBXFileReference; fileEncoding = 4; lastKnownFileType = sourcecode.c.objc; path = PostEventViewController.m; sourceTree = "<group>"; };
		C9C8598619F6AEA600093ACF /* DetailGViewController.h */ = {isa = PBXFileReference; fileEncoding = 4; lastKnownFileType = sourcecode.c.h; path = DetailGViewController.h; sourceTree = "<group>"; };
		C9C8598719F6AEA600093ACF /* DetailGViewController.m */ = {isa = PBXFileReference; fileEncoding = 4; lastKnownFileType = sourcecode.c.objc; path = DetailGViewController.m; sourceTree = "<group>"; };
		DD80C2108BB3BFD5715A8598 /* Pods.release.xcconfig */ = {isa = PBXFileReference; includeInIndex = 1; lastKnownFileType = text.xcconfig; name = Pods.release.xcconfig; path = "Pods/Target Support Files/Pods/Pods.release.xcconfig"; sourceTree = "<group>"; };
		EC48A2D77F59DE828AC92C1A /* Pods.debug.xcconfig */ = {isa = PBXFileReference; includeInIndex = 1; lastKnownFileType = text.xcconfig; name = Pods.debug.xcconfig; path = "Pods/Target Support Files/Pods/Pods.debug.xcconfig"; sourceTree = "<group>"; };
/* End PBXFileReference section */

/* Begin PBXFrameworksBuildPhase section */
		C98A1C7419F372D90067D85F /* Frameworks */ = {
			isa = PBXFrameworksBuildPhase;
			buildActionMask = 2147483647;
			files = (
				0288210C53582A677CEAB99A /* libPods.a in Frameworks */,
			);
			runOnlyForDeploymentPostprocessing = 0;
		};
		C98A1C9019F372D90067D85F /* Frameworks */ = {
			isa = PBXFrameworksBuildPhase;
			buildActionMask = 2147483647;
			files = (
			);
			runOnlyForDeploymentPostprocessing = 0;
		};
/* End PBXFrameworksBuildPhase section */

/* Begin PBXGroup section */
		3937C5FCC2DA114403A6BDD2 /* Pods */ = {
			isa = PBXGroup;
			children = (
				EC48A2D77F59DE828AC92C1A /* Pods.debug.xcconfig */,
				DD80C2108BB3BFD5715A8598 /* Pods.release.xcconfig */,
			);
			name = Pods;
			sourceTree = "<group>";
		};
		4EC0D06D72BFB547584E8923 /* Frameworks */ = {
			isa = PBXGroup;
			children = (
				4CF0F0B2793CF2950B79519F /* libPods.a */,
			);
			name = Frameworks;
			sourceTree = "<group>";
		};
		C98A1C6E19F372D90067D85F = {
			isa = PBXGroup;
			children = (
				C98A1C7919F372D90067D85F /* GiTizen */,
				C98A1C9619F372D90067D85F /* GiTizenTests */,
				C98A1C7819F372D90067D85F /* Products */,
				3937C5FCC2DA114403A6BDD2 /* Pods */,
				4EC0D06D72BFB547584E8923 /* Frameworks */,
			);
			sourceTree = "<group>";
		};
		C98A1C7819F372D90067D85F /* Products */ = {
			isa = PBXGroup;
			children = (
				C98A1C7719F372D90067D85F /* GiTizen.app */,
				C98A1C9319F372D90067D85F /* GiTizenTests.xctest */,
			);
			name = Products;
			sourceTree = "<group>";
		};
		C98A1C7919F372D90067D85F /* GiTizen */ = {
			isa = PBXGroup;
			children = (
				C936154B19F58B6D003AB5B8 /* Constants.h */,
				C936154C19F58B6D003AB5B8 /* Constants.m */,
				C936154D19F58B6D003AB5B8 /* JSONParser.h */,
				C936154E19F58B6D003AB5B8 /* JSONParser.m */,
				C936154F19F58B6D003AB5B8 /* Place.h */,
				C936155019F58B6D003AB5B8 /* Place.m */,
				C936155119F58B6D003AB5B8 /* PlaceOptions.h */,
				C936155219F58B6D003AB5B8 /* PlaceOptions.m */,
				C936155319F58B6D003AB5B8 /* PlacesClient.h */,
				C936155419F58B6D003AB5B8 /* PlacesClient.m */,
				C936155519F58B6D003AB5B8 /* PlacesRequest.h */,
				C936155619F58B6D003AB5B8 /* PlacesRequest.m */,
				C936155719F58B6D003AB5B8 /* Request.h */,
				C936155819F58B6D003AB5B8 /* Request.m */,
				C9C71B9619F4E13900557A49 /* PostEventViewController.h */,
				C9C71B9719F4E13900557A49 /* PostEventViewController.m */,
				C936156019F58D32003AB5B8 /* PlacesViewController.h */,
				C936156119F58D32003AB5B8 /* PlacesViewController.m */,
				C9C8598619F6AEA600093ACF /* DetailGViewController.h */,
				C9C8598719F6AEA600093ACF /* DetailGViewController.m */,
				427C64C219F37A240067F2E4 /* EventCenterTableViewController.h */,
				427C64C319F37A240067F2E4 /* EventCenterTableViewController.m */,
				C913E95B19F45AE1007A329C /* DetailViewController.h */,
				C913E95C19F45AE1007A329C /* DetailViewController.m */,
				C9525C6219F63E3700E80F9D /* PhotoTableViewCell.h */,
				C9525C6319F63E3700E80F9D /* PhotoTableViewCell.m */,
				C98A1C7E19F372D90067D85F /* AppDelegate.h */,
				C98A1C7F19F372D90067D85F /* AppDelegate.m */,
				C98A1C8419F372D90067D85F /* ViewController.h */,
				C98A1C8519F372D90067D85F /* ViewController.m */,
				C98A1C8719F372D90067D85F /* Main.storyboard */,
				C98A1C8A19F372D90067D85F /* Images.xcassets */,
				C98A1C8C19F372D90067D85F /* LaunchScreen.xib */,
				C98A1C8119F372D90067D85F /* GiTizen.xcdatamodeld */,
				C98A1C7A19F372D90067D85F /* Supporting Files */,
				C913E95619F4454C007A329C /* EventCenterTableViewCell.h */,
				C913E95719F4454C007A329C /* EventCenterTableViewCell.m */,
				C913E95819F4454C007A329C /* EventCenterTableViewCell.xib */,
				C9C71B9319F4CCE600557A49 /* Event.h */,
				C9C71B9419F4CCE600557A49 /* Event.m */,
			);
			path = GiTizen;
			sourceTree = "<group>";
		};
		C98A1C7A19F372D90067D85F /* Supporting Files */ = {
			isa = PBXGroup;
			children = (
				C9325F1A19F4A18000DD6D0F /* Info.plist */,
				C98A1C7C19F372D90067D85F /* main.m */,
			);
			name = "Supporting Files";
			sourceTree = "<group>";
		};
		C98A1C9619F372D90067D85F /* GiTizenTests */ = {
			isa = PBXGroup;
			children = (
				C98A1C9919F372D90067D85F /* GiTizenTests.m */,
				C98A1C9719F372D90067D85F /* Supporting Files */,
			);
			path = GiTizenTests;
			sourceTree = "<group>";
		};
		C98A1C9719F372D90067D85F /* Supporting Files */ = {
			isa = PBXGroup;
			children = (
				C98A1C9819F372D90067D85F /* Info.plist */,
			);
			name = "Supporting Files";
			sourceTree = "<group>";
		};
/* End PBXGroup section */

/* Begin PBXNativeTarget section */
		C98A1C7619F372D90067D85F /* GiTizen */ = {
			isa = PBXNativeTarget;
			buildConfigurationList = C98A1C9D19F372D90067D85F /* Build configuration list for PBXNativeTarget "GiTizen" */;
			buildPhases = (
				EE501F45CFA485EE946B403F /* Check Pods Manifest.lock */,
				C98A1C7319F372D90067D85F /* Sources */,
				C98A1C7419F372D90067D85F /* Frameworks */,
				C98A1C7519F372D90067D85F /* Resources */,
				D92E17FAF7F1432EC7ABAD4F /* Copy Pods Resources */,
			);
			buildRules = (
			);
			dependencies = (
			);
			name = GiTizen;
			productName = GiTizen;
			productReference = C98A1C7719F372D90067D85F /* GiTizen.app */;
			productType = "com.apple.product-type.application";
		};
		C98A1C9219F372D90067D85F /* GiTizenTests */ = {
			isa = PBXNativeTarget;
			buildConfigurationList = C98A1CA019F372D90067D85F /* Build configuration list for PBXNativeTarget "GiTizenTests" */;
			buildPhases = (
				C98A1C8F19F372D90067D85F /* Sources */,
				C98A1C9019F372D90067D85F /* Frameworks */,
				C98A1C9119F372D90067D85F /* Resources */,
			);
			buildRules = (
			);
			dependencies = (
				C98A1C9519F372D90067D85F /* PBXTargetDependency */,
			);
			name = GiTizenTests;
			productName = GiTizenTests;
			productReference = C98A1C9319F372D90067D85F /* GiTizenTests.xctest */;
			productType = "com.apple.product-type.bundle.unit-test";
		};
/* End PBXNativeTarget section */

/* Begin PBXProject section */
		C98A1C6F19F372D90067D85F /* Project object */ = {
			isa = PBXProject;
			attributes = {
				LastUpgradeCheck = 0600;
				ORGANIZATIONNAME = Pangu;
				TargetAttributes = {
					C98A1C7619F372D90067D85F = {
						CreatedOnToolsVersion = 6.0.1;
					};
					C98A1C9219F372D90067D85F = {
						CreatedOnToolsVersion = 6.0.1;
						TestTargetID = C98A1C7619F372D90067D85F;
					};
				};
			};
			buildConfigurationList = C98A1C7219F372D90067D85F /* Build configuration list for PBXProject "GiTizen" */;
			compatibilityVersion = "Xcode 3.2";
			developmentRegion = English;
			hasScannedForEncodings = 0;
			knownRegions = (
				en,
				Base,
			);
			mainGroup = C98A1C6E19F372D90067D85F;
			productRefGroup = C98A1C7819F372D90067D85F /* Products */;
			projectDirPath = "";
			projectRoot = "";
			targets = (
				C98A1C7619F372D90067D85F /* GiTizen */,
				C98A1C9219F372D90067D85F /* GiTizenTests */,
			);
		};
/* End PBXProject section */

/* Begin PBXResourcesBuildPhase section */
		C98A1C7519F372D90067D85F /* Resources */ = {
			isa = PBXResourcesBuildPhase;
			buildActionMask = 2147483647;
			files = (
				C9325F1919F49FFC00DD6D0F /* EventCenterTableViewCell.xib in Resources */,
				C98A1C8919F372D90067D85F /* Main.storyboard in Resources */,
				C98A1C8E19F372D90067D85F /* LaunchScreen.xib in Resources */,
				C9325F1B19F4A18000DD6D0F /* Info.plist in Resources */,
				C98A1C8B19F372D90067D85F /* Images.xcassets in Resources */,
			);
			runOnlyForDeploymentPostprocessing = 0;
		};
		C98A1C9119F372D90067D85F /* Resources */ = {
			isa = PBXResourcesBuildPhase;
			buildActionMask = 2147483647;
			files = (
			);
			runOnlyForDeploymentPostprocessing = 0;
		};
/* End PBXResourcesBuildPhase section */

/* Begin PBXShellScriptBuildPhase section */
		D92E17FAF7F1432EC7ABAD4F /* Copy Pods Resources */ = {
			isa = PBXShellScriptBuildPhase;
			buildActionMask = 2147483647;
			files = (
			);
			inputPaths = (
			);
			name = "Copy Pods Resources";
			outputPaths = (
			);
			runOnlyForDeploymentPostprocessing = 0;
			shellPath = /bin/sh;
			shellScript = "\"${SRCROOT}/Pods/Target Support Files/Pods/Pods-resources.sh\"\n";
			showEnvVarsInLog = 0;
		};
		EE501F45CFA485EE946B403F /* Check Pods Manifest.lock */ = {
			isa = PBXShellScriptBuildPhase;
			buildActionMask = 2147483647;
			files = (
			);
			inputPaths = (
			);
			name = "Check Pods Manifest.lock";
			outputPaths = (
			);
			runOnlyForDeploymentPostprocessing = 0;
			shellPath = /bin/sh;
			shellScript = "diff \"${PODS_ROOT}/../Podfile.lock\" \"${PODS_ROOT}/Manifest.lock\" > /dev/null\nif [[ $? != 0 ]] ; then\n    cat << EOM\nerror: The sandbox is not in sync with the Podfile.lock. Run 'pod install' or update your CocoaPods installation.\nEOM\n    exit 1\nfi\n";
			showEnvVarsInLog = 0;
		};
/* End PBXShellScriptBuildPhase section */

/* Begin PBXSourcesBuildPhase section */
		C98A1C7319F372D90067D85F /* Sources */ = {
			isa = PBXSourcesBuildPhase;
			buildActionMask = 2147483647;
			files = (
				427C64C419F37A240067F2E4 /* EventCenterTableViewController.m in Sources */,
				C98A1C8019F372D90067D85F /* AppDelegate.m in Sources */,
				C913E95919F4454C007A329C /* EventCenterTableViewCell.m in Sources */,
				C936155B19F58B6D003AB5B8 /* Place.m in Sources */,
				C936155C19F58B6D003AB5B8 /* PlaceOptions.m in Sources */,
				C9C8598819F6AEA600093ACF /* DetailGViewController.m in Sources */,
				C913E95D19F45AE1007A329C /* DetailViewController.m in Sources */,
				C936155E19F58B6D003AB5B8 /* PlacesRequest.m in Sources */,
				C936155D19F58B6D003AB5B8 /* PlacesClient.m in Sources */,
				C936156219F58D32003AB5B8 /* PlacesViewController.m in Sources */,
				C9C71B9819F4E13900557A49 /* PostEventViewController.m in Sources */,
				C936155919F58B6D003AB5B8 /* Constants.m in Sources */,
				C936155A19F58B6D003AB5B8 /* JSONParser.m in Sources */,
				C9C71B9519F4CCE600557A49 /* Event.m in Sources */,
				C98A1C7D19F372D90067D85F /* main.m in Sources */,
				C9525C6419F63E3700E80F9D /* PhotoTableViewCell.m in Sources */,
				C936155F19F58B6D003AB5B8 /* Request.m in Sources */,
				C98A1C8619F372D90067D85F /* ViewController.m in Sources */,
				C98A1C8319F372D90067D85F /* GiTizen.xcdatamodeld in Sources */,
			);
			runOnlyForDeploymentPostprocessing = 0;
		};
		C98A1C8F19F372D90067D85F /* Sources */ = {
			isa = PBXSourcesBuildPhase;
			buildActionMask = 2147483647;
			files = (
				C98A1C9A19F372D90067D85F /* GiTizenTests.m in Sources */,
			);
			runOnlyForDeploymentPostprocessing = 0;
		};
/* End PBXSourcesBuildPhase section */

/* Begin PBXTargetDependency section */
		C98A1C9519F372D90067D85F /* PBXTargetDependency */ = {
			isa = PBXTargetDependency;
			target = C98A1C7619F372D90067D85F /* GiTizen */;
			targetProxy = C98A1C9419F372D90067D85F /* PBXContainerItemProxy */;
		};
/* End PBXTargetDependency section */

/* Begin PBXVariantGroup section */
		C98A1C8719F372D90067D85F /* Main.storyboard */ = {
			isa = PBXVariantGroup;
			children = (
				C98A1C8819F372D90067D85F /* Base */,
			);
			name = Main.storyboard;
			sourceTree = "<group>";
		};
		C98A1C8C19F372D90067D85F /* LaunchScreen.xib */ = {
			isa = PBXVariantGroup;
			children = (
				C98A1C8D19F372D90067D85F /* Base */,
			);
			name = LaunchScreen.xib;
			sourceTree = "<group>";
		};
/* End PBXVariantGroup section */

/* Begin XCBuildConfiguration section */
		C98A1C9B19F372D90067D85F /* Debug */ = {
			isa = XCBuildConfiguration;
			buildSettings = {
				ALWAYS_SEARCH_USER_PATHS = NO;
				CLANG_CXX_LANGUAGE_STANDARD = "gnu++0x";
				CLANG_CXX_LIBRARY = "libc++";
				CLANG_ENABLE_MODULES = YES;
				CLANG_ENABLE_OBJC_ARC = YES;
				CLANG_WARN_BOOL_CONVERSION = YES;
				CLANG_WARN_CONSTANT_CONVERSION = YES;
				CLANG_WARN_DIRECT_OBJC_ISA_USAGE = YES_ERROR;
				CLANG_WARN_EMPTY_BODY = YES;
				CLANG_WARN_ENUM_CONVERSION = YES;
				CLANG_WARN_INT_CONVERSION = YES;
				CLANG_WARN_OBJC_ROOT_CLASS = YES_ERROR;
				CLANG_WARN_UNREACHABLE_CODE = YES;
				CLANG_WARN__DUPLICATE_METHOD_MATCH = YES;
				"CODE_SIGN_IDENTITY[sdk=iphoneos*]" = "iPhone Developer";
				COPY_PHASE_STRIP = NO;
				ENABLE_STRICT_OBJC_MSGSEND = YES;
				GCC_C_LANGUAGE_STANDARD = gnu99;
				GCC_DYNAMIC_NO_PIC = NO;
				GCC_OPTIMIZATION_LEVEL = 0;
				GCC_PREPROCESSOR_DEFINITIONS = (
					"DEBUG=1",
					"$(inherited)",
				);
				GCC_SYMBOLS_PRIVATE_EXTERN = NO;
				GCC_WARN_64_TO_32_BIT_CONVERSION = YES;
				GCC_WARN_ABOUT_RETURN_TYPE = YES_ERROR;
				GCC_WARN_UNDECLARED_SELECTOR = YES;
				GCC_WARN_UNINITIALIZED_AUTOS = YES_AGGRESSIVE;
				GCC_WARN_UNUSED_FUNCTION = YES;
				GCC_WARN_UNUSED_VARIABLE = YES;
				IPHONEOS_DEPLOYMENT_TARGET = 8.0;
				MTL_ENABLE_DEBUG_INFO = YES;
				ONLY_ACTIVE_ARCH = YES;
				SDKROOT = iphoneos;
			};
			name = Debug;
		};
		C98A1C9C19F372D90067D85F /* Release */ = {
			isa = XCBuildConfiguration;
			buildSettings = {
				ALWAYS_SEARCH_USER_PATHS = NO;
				CLANG_CXX_LANGUAGE_STANDARD = "gnu++0x";
				CLANG_CXX_LIBRARY = "libc++";
				CLANG_ENABLE_MODULES = YES;
				CLANG_ENABLE_OBJC_ARC = YES;
				CLANG_WARN_BOOL_CONVERSION = YES;
				CLANG_WARN_CONSTANT_CONVERSION = YES;
				CLANG_WARN_DIRECT_OBJC_ISA_USAGE = YES_ERROR;
				CLANG_WARN_EMPTY_BODY = YES;
				CLANG_WARN_ENUM_CONVERSION = YES;
				CLANG_WARN_INT_CONVERSION = YES;
				CLANG_WARN_OBJC_ROOT_CLASS = YES_ERROR;
				CLANG_WARN_UNREACHABLE_CODE = YES;
				CLANG_WARN__DUPLICATE_METHOD_MATCH = YES;
				"CODE_SIGN_IDENTITY[sdk=iphoneos*]" = "iPhone Developer";
				COPY_PHASE_STRIP = YES;
				ENABLE_NS_ASSERTIONS = NO;
				ENABLE_STRICT_OBJC_MSGSEND = YES;
				GCC_C_LANGUAGE_STANDARD = gnu99;
				GCC_WARN_64_TO_32_BIT_CONVERSION = YES;
				GCC_WARN_ABOUT_RETURN_TYPE = YES_ERROR;
				GCC_WARN_UNDECLARED_SELECTOR = YES;
				GCC_WARN_UNINITIALIZED_AUTOS = YES_AGGRESSIVE;
				GCC_WARN_UNUSED_FUNCTION = YES;
				GCC_WARN_UNUSED_VARIABLE = YES;
				IPHONEOS_DEPLOYMENT_TARGET = 8.0;
				MTL_ENABLE_DEBUG_INFO = NO;
				SDKROOT = iphoneos;
				VALIDATE_PRODUCT = YES;
			};
			name = Release;
		};
		C98A1C9E19F372D90067D85F /* Debug */ = {
			isa = XCBuildConfiguration;
			baseConfigurationReference = EC48A2D77F59DE828AC92C1A /* Pods.debug.xcconfig */;
			buildSettings = {
				ASSETCATALOG_COMPILER_APPICON_NAME = AppIcon;
				INFOPLIST_FILE = GiTizen/Info.plist;
				LD_RUNPATH_SEARCH_PATHS = "$(inherited) @executable_path/Frameworks";
				PRODUCT_NAME = "$(TARGET_NAME)";
			};
			name = Debug;
		};
		C98A1C9F19F372D90067D85F /* Release */ = {
			isa = XCBuildConfiguration;
			baseConfigurationReference = DD80C2108BB3BFD5715A8598 /* Pods.release.xcconfig */;
			buildSettings = {
				ASSETCATALOG_COMPILER_APPICON_NAME = AppIcon;
				INFOPLIST_FILE = GiTizen/Info.plist;
				LD_RUNPATH_SEARCH_PATHS = "$(inherited) @executable_path/Frameworks";
				PRODUCT_NAME = "$(TARGET_NAME)";
			};
			name = Release;
		};
		C98A1CA119F372D90067D85F /* Debug */ = {
			isa = XCBuildConfiguration;
			buildSettings = {
				BUNDLE_LOADER = "$(TEST_HOST)";
				FRAMEWORK_SEARCH_PATHS = (
					"$(SDKROOT)/Developer/Library/Frameworks",
					"$(inherited)",
				);
				GCC_PREPROCESSOR_DEFINITIONS = (
					"DEBUG=1",
					"$(inherited)",
				);
				INFOPLIST_FILE = GiTizenTests/Info.plist;
				LD_RUNPATH_SEARCH_PATHS = "$(inherited) @executable_path/Frameworks @loader_path/Frameworks";
				PRODUCT_NAME = "$(TARGET_NAME)";
				TEST_HOST = "$(BUILT_PRODUCTS_DIR)/GiTizen.app/GiTizen";
			};
			name = Debug;
		};
		C98A1CA219F372D90067D85F /* Release */ = {
			isa = XCBuildConfiguration;
			buildSettings = {
				BUNDLE_LOADER = "$(TEST_HOST)";
				FRAMEWORK_SEARCH_PATHS = (
					"$(SDKROOT)/Developer/Library/Frameworks",
					"$(inherited)",
				);
				INFOPLIST_FILE = GiTizenTests/Info.plist;
				LD_RUNPATH_SEARCH_PATHS = "$(inherited) @executable_path/Frameworks @loader_path/Frameworks";
				PRODUCT_NAME = "$(TARGET_NAME)";
				TEST_HOST = "$(BUILT_PRODUCTS_DIR)/GiTizen.app/GiTizen";
			};
			name = Release;
		};
/* End XCBuildConfiguration section */

/* Begin XCConfigurationList section */
		C98A1C7219F372D90067D85F /* Build configuration list for PBXProject "GiTizen" */ = {
			isa = XCConfigurationList;
			buildConfigurations = (
				C98A1C9B19F372D90067D85F /* Debug */,
				C98A1C9C19F372D90067D85F /* Release */,
			);
			defaultConfigurationIsVisible = 0;
			defaultConfigurationName = Release;
		};
		C98A1C9D19F372D90067D85F /* Build configuration list for PBXNativeTarget "GiTizen" */ = {
			isa = XCConfigurationList;
			buildConfigurations = (
				C98A1C9E19F372D90067D85F /* Debug */,
				C98A1C9F19F372D90067D85F /* Release */,
			);
			defaultConfigurationIsVisible = 0;
			defaultConfigurationName = Release;
		};
		C98A1CA019F372D90067D85F /* Build configuration list for PBXNativeTarget "GiTizenTests" */ = {
			isa = XCConfigurationList;
			buildConfigurations = (
				C98A1CA119F372D90067D85F /* Debug */,
				C98A1CA219F372D90067D85F /* Release */,
			);
			defaultConfigurationIsVisible = 0;
			defaultConfigurationName = Release;
		};
/* End XCConfigurationList section */

/* Begin XCVersionGroup section */
		C98A1C8119F372D90067D85F /* GiTizen.xcdatamodeld */ = {
			isa = XCVersionGroup;
			children = (
				C98A1C8219F372D90067D85F /* GiTizen.xcdatamodel */,
			);
			currentVersion = C98A1C8219F372D90067D85F /* GiTizen.xcdatamodel */;
			path = GiTizen.xcdatamodeld;
			sourceTree = "<group>";
			versionGroupType = wrapper.xcdatamodel;
		};
/* End XCVersionGroup section */
	};
	rootObject = C98A1C6F19F372D90067D85F /* Project object */;
}
